<?xml version="1.0" encoding="utf-8"?>
<Project ToolsVersion="4.0" xmlns="http://schemas.microsoft.com/developer/msbuild/2003">
  <ItemGroup>
    <Filter Include="Arquivos de Origem">
      <UniqueIdentifier>{4FC737F1-C7A5-4376-A066-2A32D752A2FF}</UniqueIdentifier>
      <Extensions>cpp;c;cc;cxx;def;odl;idl;hpj;bat;asm;asmx</Extensions>
    </Filter>
    <Filter Include="Arquivos de Cabeçalho">
      <UniqueIdentifier>{93995380-89BD-4b04-88EB-625FBE52EBFB}</UniqueIdentifier>
      <Extensions>h;hh;hpp;hxx;hm;inl;inc;ipp;xsd</Extensions>
    </Filter>
    <Filter Include="Arquivos de Recurso">
      <UniqueIdentifier>{67DA6AB6-F800-4c08-8B7A-83BB121AAD01}</UniqueIdentifier>
      <Extensions>rc;ico;cur;bmp;dlg;rc2;rct;bin;rgs;gif;jpg;jpeg;jpe;resx;tiff;tif;png;wav;mfcribbon-ms</Extensions>
    </Filter>
    <Filter Include="Arquivos de Cabeçalho\time">
      <UniqueIdentifier>{9ead96c6-b530-49d0-8b1c-55de04fff84d}</UniqueIdentifier>
    </Filter>
    <Filter Include="Arquivos de Origem\time">
      <UniqueIdentifier>{bf69da74-1f38-4de1-bfc0-fd178cdc5ccf}</UniqueIdentifier>
    </Filter>
    <Filter Include="Arquivos de Cabeçalho\kinematics">
      <UniqueIdentifier>{ea94f82a-4519-479f-ab93-f14b05368411}</UniqueIdentifier>
    </Filter>
    <Filter Include="Arquivos de Origem\kinematics">
      <UniqueIdentifier>{abd21220-2e4d-48a3-866b-d79c1208bdf4}</UniqueIdentifier>
    </Filter>
    <Filter Include="Arquivos de Cabeçalho\util">
      <UniqueIdentifier>{a8605a0f-0b4f-45f2-90e6-ed634e3fe7c1}</UniqueIdentifier>
    </Filter>
  </ItemGroup>
  <ItemGroup>
    <ClInclude Include="okvis_time\include\okvis\implementation\Duration.hpp">
      <Filter>Arquivos de Cabeçalho\time</Filter>
    </ClInclude>
    <ClInclude Include="okvis_time\include\okvis\implementation\Time.hpp">
      <Filter>Arquivos de Cabeçalho\time</Filter>
    </ClInclude>
    <ClInclude Include="okvis_time\include\okvis\Duration.hpp">
      <Filter>Arquivos de Cabeçalho\time</Filter>
    </ClInclude>
    <ClInclude Include="okvis_time\include\okvis\Time.hpp">
      <Filter>Arquivos de Cabeçalho\time</Filter>
    </ClInclude>
    <ClInclude Include="okvis_kinematics\include\okvis\kinematics\operators.hpp">
      <Filter>Arquivos de Cabeçalho\kinematics</Filter>
    </ClInclude>
    <ClInclude Include="okvis_kinematics\include\okvis\kinematics\Transformation.hpp">
      <Filter>Arquivos de Cabeçalho\kinematics</Filter>
    </ClInclude>
    <ClInclude Include="okvis_kinematics\include\okvis\kinematics\implementation\Transformation.hpp">
      <Filter>Arquivos de Cabeçalho\kinematics</Filter>
    </ClInclude>
    <ClInclude Include="okvis_util\include\okvis\assert_macros.hpp">
      <Filter>Arquivos de Cabeçalho\util</Filter>
    </ClInclude>
    <ClInclude Include="okvis_util\include\okvis\source_file_pos.hpp">
      <Filter>Arquivos de Cabeçalho\util</Filter>
    </ClInclude>
  </ItemGroup>
  <ItemGroup>
    <ClCompile Include="okvis_time\src\Duration.cpp">
      <Filter>Arquivos de Origem\time</Filter>
    </ClCompile>
    <ClCompile Include="okvis_time\src\Time.cpp">
      <Filter>Arquivos de Origem\time</Filter>
    </ClCompile>
    <ClCompile Include="okvis_kinematics\src\dependency-tracker.cc">
      <Filter>Arquivos de Origem\kinematics</Filter>
    </ClCompile>
    <ClCompile Include="okvis_kinematics\test\runTests.cpp">
      <Filter>Arquivos de Origem\kinematics</Filter>
    </ClCompile>
    <ClCompile Include="okvis_kinematics\test\TestTransformation.cpp">
      <Filter>Arquivos de Origem\kinematics</Filter>
    </ClCompile>
  </ItemGroup>
</Project>